
Microsoft Visual Studio Solution File, Format Version 12.00
# Visual Studio Version 16
VisualStudioVersion = 16.0.30517.126
MinimumVisualStudioVersion = 10.0.40219.1
Project("{FAE04EC0-301F-11D3-BF4B-00C04F79EFBC}") = "Gerenciador", "Gerenciador\Gerenciador.csproj", "{01FFAE27-46A8-495D-B70F-CDEC933FB800}"
EndProject
Project("{FAE04EC0-301F-11D3-BF4B-00C04F79EFBC}") = "Gerenciador.Repository", "Gerenciador.Repository\Gerenciador.Repository.csproj", "{C6E6F615-787E-47E8-8DF8-5800A96EE5A7}"
EndProject
Project("{FAE04EC0-301F-11D3-BF4B-00C04F79EFBC}") = "Gerenciador.Business", "Gerenciador.Business\Gerenciador.Business.csproj", "{111D8877-B599-4CA2-B3EF-68227A345815}"
EndProject
Project("{FAE04EC0-301F-11D3-BF4B-00C04F79EFBC}") = "Gerenciador.Entities", "Gerenciador.Entities\Gerenciador.Entities.csproj", "{0A8CE0AC-F697-463F-972D-22BB366173C6}"
EndProject
Global
	GlobalSection(SolutionConfigurationPlatforms) = preSolution
		Debug|Any CPU = Debug|Any CPU
		Release|Any CPU = Release|Any CPU
	EndGlobalSection
	GlobalSection(ProjectConfigurationPlatforms) = postSolution
		{01FFAE27-46A8-495D-B70F-CDEC933FB800}.Debug|Any CPU.ActiveCfg = Debug|Any CPU
		{01FFAE27-46A8-495D-B70F-CDEC933FB800}.Debug|Any CPU.Build.0 = Debug|Any CPU
		{01FFAE27-46A8-495D-B70F-CDEC933FB800}.Release|Any CPU.ActiveCfg = Release|Any CPU
		{01FFAE27-46A8-495D-B70F-CDEC933FB800}.Release|Any CPU.Build.0 = Release|Any CPU
		{C6E6F615-787E-47E8-8DF8-5800A96EE5A7}.Debug|Any CPU.ActiveCfg = Debug|Any CPU
		{C6E6F615-787E-47E8-8DF8-5800A96EE5A7}.Debug|Any CPU.Build.0 = Debug|Any CPU
		{C6E6F615-787E-47E8-8DF8-5800A96EE5A7}.Release|Any CPU.ActiveCfg = Release|Any CPU
		{C6E6F615-787E-47E8-8DF8-5800A96EE5A7}.Release|Any CPU.Build.0 = Release|Any CPU
		{111D8877-B599-4CA2-B3EF-68227A345815}.Debug|Any CPU.ActiveCfg = Debug|Any CPU
		{111D8877-B599-4CA2-B3EF-68227A345815}.Debug|Any CPU.Build.0 = Debug|Any CPU
		{111D8877-B599-4CA2-B3EF-68227A345815}.Release|Any CPU.ActiveCfg = Release|Any CPU
		{111D8877-B599-4CA2-B3EF-68227A345815}.Release|Any CPU.Build.0 = Release|Any CPU
		{0A8CE0AC-F697-463F-972D-22BB366173C6}.Debug|Any CPU.ActiveCfg = Debug|Any CPU
		{0A8CE0AC-F697-463F-972D-22BB366173C6}.Debug|Any CPU.Build.0 = Debug|Any CPU
		{0A8CE0AC-F697-463F-972D-22BB366173C6}.Release|Any CPU.ActiveCfg = Release|Any CPU
		{0A8CE0AC-F697-463F-972D-22BB366173C6}.Release|Any CPU.Build.0 = Release|Any CPU
	EndGlobalSection
	GlobalSection(SolutionProperties) = preSolution
		HideSolutionNode = FALSE
	EndGlobalSection
	GlobalSection(ExtensibilityGlobals) = postSolution
		SolutionGuid = {7336F7D6-8A38-4F7E-883B-BDCAFFAAC200}
	EndGlobalSection
EndGlobal
